{
  "nodes": {
    "haskellNix": {
      "locked": {
        "lastModified": 1598864800,
        "narHash": "sha256-h55rg6R6kbe/Sa0lo/ONcL0xkO78/2mZqaIb+FYZUCY=",
        "owner": "input-output-hk",
        "repo": "haskell.nix",
        "rev": "3250b6cc7b9502fbf89de5f535214cd8f6326205",
        "type": "github"
      },
      "original": {
        "owner": "input-output-hk",
        "ref": "master",
        "repo": "haskell.nix",
        "type": "github"
      }
    },
    "nixpkgs": {
      "locked": {
        "lastModified": 1613761605,
        "narHash": "sha256-lUF6UPR96ZzQC0faNXBHLoLhNAdxZqYqDwz0PaIZ/7Y=",
        "owner": "NixOS",
        "repo": "nixpkgs",
        "rev": "9816b99e71c3504b0b4c1f8b2e004148460029d4",
        "type": "github"
      },
      "original": {
        "owner": "NixOS",
        "ref": "nixos-unstable",
        "repo": "nixpkgs",
        "type": "github"
      }
    },
    "root": {
      "inputs": {
        "haskellNix": "haskellNix",
        "nixpkgs": "nixpkgs"
      }
    }
  },
  "root": "root",
  "version": 7
}
